
Microsoft Visual Studio Solution File, Format Version 12.00
# Visual Studio Version 17
VisualStudioVersion = 17.6.33829.357
MinimumVisualStudioVersion = 10.0.40219.1
Project("{FAE04EC0-301F-11D3-BF4B-00C04F79EFBC}") = "AppSecurity-API", "AppSecurity-API\AppSecurity-API.csproj", "{45BF6D9E-2924-48A7-AB55-651538AE55D4}"
EndProject
Global
	GlobalSection(SolutionConfigurationPlatforms) = preSolution
		Debug|Any CPU = Debug|Any CPU
		Release|Any CPU = Release|Any CPU
	EndGlobalSection
	GlobalSection(ProjectConfigurationPlatforms) = postSolution
		{45BF6D9E-2924-48A7-AB55-651538AE55D4}.Debug|Any CPU.ActiveCfg = Debug|Any CPU
		{45BF6D9E-2924-48A7-AB55-651538AE55D4}.Debug|Any CPU.Build.0 = Debug|Any CPU
		{45BF6D9E-2924-48A7-AB55-651538AE55D4}.Release|Any CPU.ActiveCfg = Release|Any CPU
		{45BF6D9E-2924-48A7-AB55-651538AE55D4}.Release|Any CPU.Build.0 = Release|Any CPU
	EndGlobalSection
	GlobalSection(SolutionProperties) = preSolution
		HideSolutionNode = FALSE
	EndGlobalSection
	GlobalSection(ExtensibilityGlobals) = postSolution
		SolutionGuid = {06F947FC-C411-49FE-A20C-6C4149367E8F}
	EndGlobalSection
EndGlobal
